{
  "name": "rollup-plugin-inline-invariant",
  "version": "1.0.3",
  "lockfileVersion": 1,
  "requires": true,
  "dependencies": {
    "@rollup/pluginutils": {
      "version": "3.0.8",
      "resolved": "https://registry.npmjs.org/@rollup/pluginutils/-/pluginutils-3.0.8.tgz",
      "integrity": "sha512-rYGeAc4sxcZ+kPG/Tw4/fwJODC3IXHYDH4qusdN/b6aLw5LPUbzpecYbEJh4sVQGPFJxd2dBU4kc1H3oy9/bnw==",
      "requires": {
        "estree-walker": "^1.0.1"
      }
    },
    "acorn-walk": {
      "version": "7.1.1",
      "resolved": "https://registry.npmjs.org/acorn-walk/-/acorn-walk-7.1.1.tgz",
      "integrity": "sha512-wdlPY2tm/9XBr7QkKlq0WQVgiuGTX6YWPyRyBviSoScBuLfTVQhvwg6wJ369GJ/1nPfTLMfnrFIfjqVg6d+jQQ=="
    },
    "estree-walker": {
      "version": "1.0.1",
      "resolved": "https://registry.npmjs.org/estree-walker/-/estree-walker-1.0.1.tgz",
      "integrity": "sha512-1fMXF3YP4pZZVozF8j/ZLfvnR8NSIljt56UhbZ5PeeDmmGHpgpdwQt7ITlGvYaQukCvuBRMLEiKiYC+oeIg4cg=="
    },
    "magic-string": {
      "version": "0.25.6",
      "resolved": "https://registry.npmjs.org/magic-string/-/magic-string-0.25.6.tgz",
      "integrity": "sha512-3a5LOMSGoCTH5rbqobC2HuDNRtE2glHZ8J7pK+QZYppyWA36yuNpsX994rIY2nCuyP7CZYy7lQq/X2jygiZ89g==",
      "requires": {
        "sourcemap-codec": "^1.4.4"
      }
    },
    "sourcemap-codec": {
      "version": "1.4.8",
      "resolved": "https://registry.npmjs.org/sourcemap-codec/-/sourcemap-codec-1.4.8.tgz",
      "integrity": "sha512-9NykojV5Uih4lgo5So5dtw+f0JgJX30KCNI8gwhz2J9A15wD0Ml6tjHKwf6fTSa6fAdVBdZeNOs9eJ71qCk8vA=="
    }
  }
}
